
Microsoft Visual Studio Solution File, Format Version 12.00
# Visual Studio Version 17
VisualStudioVersion = 17.6.33801.468
MinimumVisualStudioVersion = 10.0.40219.1
Project("{FAE04EC0-301F-11D3-BF4B-00C04F79EFBC}") = "APICore", "APICore\APICore.csproj", "{5492EB2B-A1E9-403C-814D-3B1213DA7208}"
EndProject
Global
	GlobalSection(SolutionConfigurationPlatforms) = preSolution
		Debug|Any CPU = Debug|Any CPU
		Release|Any CPU = Release|Any CPU
	EndGlobalSection
	GlobalSection(ProjectConfigurationPlatforms) = postSolution
		{5492EB2B-A1E9-403C-814D-3B1213DA7208}.Debug|Any CPU.ActiveCfg = Debug|Any CPU
		{5492EB2B-A1E9-403C-814D-3B1213DA7208}.Debug|Any CPU.Build.0 = Debug|Any CPU
		{5492EB2B-A1E9-403C-814D-3B1213DA7208}.Release|Any CPU.ActiveCfg = Release|Any CPU
		{5492EB2B-A1E9-403C-814D-3B1213DA7208}.Release|Any CPU.Build.0 = Release|Any CPU
	EndGlobalSection
	GlobalSection(SolutionProperties) = preSolution
		HideSolutionNode = FALSE
	EndGlobalSection
	GlobalSection(ExtensibilityGlobals) = postSolution
		SolutionGuid = {D6114AC9-5BCF-4B84-B93B-CB9409A2B3B0}
	EndGlobalSection
EndGlobal
